{
  "name": "sublime-tailwindcss",
  "version": "0.0.0",
  "lockfileVersion": 3,
  "requires": true,
  "packages": {
    "": {
      "name": "sublime-tailwindcss",
      "version": "0.0.0",
      "dependencies": {
        "@tailwindcss/language-server": "0.14.2"
      }
    },
    "node_modules/@tailwindcss/language-server": {
      "version": "0.14.2",
      "resolved": "https://registry.npmjs.org/@tailwindcss/language-server/-/language-server-0.14.2.tgz",
      "integrity": "sha512-BXKCY4AFh+CmB76a7K9ZMdvPi06BGSTrO56q10VoDRDD68lNEtk3TeLemeOO0KzsrDD0n76WWb6RShF1GiBfUQ==",
      "license": "MIT",
      "bin": {
        "tailwindcss-language-server": "bin/tailwindcss-language-server"
      },
      "engines": {
        "node": ">=18.0.0"
      }
    }
  }
}
