{
  "name": "sublime-tailwindcss",
  "version": "0.0.0",
  "lockfileVersion": 1,
  "requires": true,
  "dependencies": {
    "@tailwindcss/language-server": {
      "version": "0.0.18",
      "resolved": "https://registry.npmjs.org/@tailwindcss/language-server/-/language-server-0.0.18.tgz",
      "integrity": "sha512-rUmbDLD6Iu5eUPabOI+qcr078B6tknQFv4XsD/NMPRpQ2XW8odIGdG8Df+Jt/OQ19LDsKlDsXYVaC902uqQcbA=="
    }
  }
}
