{
  "name": "sublime-tailwindcss",
  "version": "0.0.0",
  "lockfileVersion": 1,
  "requires": true,
  "dependencies": {
    "@tailwindcss/language-server": {
      "version": "0.0.16",
      "resolved": "https://registry.npmjs.org/@tailwindcss/language-server/-/language-server-0.0.16.tgz",
      "integrity": "sha512-9zmvTppvma6WaA8L1VLwa+YeVgpEhsUOuslDFNzHt5lJ04SdHTc9VwF9EeOximFohXyts8Q3qSn3PWbFVBDNVg=="
    }
  }
}
